
Microsoft Visual Studio Solution File, Format Version 12.00
# Visual Studio Version 17
VisualStudioVersion = 17.9.34607.119
MinimumVisualStudioVersion = 10.0.40219.1
Project("{FAE04EC0-301F-11D3-BF4B-00C04F79EFBC}") = "Sales Windows Form", "Sales Windows Form\Sales Windows Form.csproj", "{4A9A61F8-BAC0-485E-9C37-4473DB8B246D}"
EndProject
Global
	GlobalSection(SolutionConfigurationPlatforms) = preSolution
		Debug|Any CPU = Debug|Any CPU
		Release|Any CPU = Release|Any CPU
	EndGlobalSection
	GlobalSection(ProjectConfigurationPlatforms) = postSolution
		{4A9A61F8-BAC0-485E-9C37-4473DB8B246D}.Debug|Any CPU.ActiveCfg = Debug|Any CPU
		{4A9A61F8-BAC0-485E-9C37-4473DB8B246D}.Debug|Any CPU.Build.0 = Debug|Any CPU
		{4A9A61F8-BAC0-485E-9C37-4473DB8B246D}.Release|Any CPU.ActiveCfg = Release|Any CPU
		{4A9A61F8-BAC0-485E-9C37-4473DB8B246D}.Release|Any CPU.Build.0 = Release|Any CPU
	EndGlobalSection
	GlobalSection(SolutionProperties) = preSolution
		HideSolutionNode = FALSE
	EndGlobalSection
	GlobalSection(ExtensibilityGlobals) = postSolution
		SolutionGuid = {4A81D084-208E-4F71-96F6-EBC512D210A3}
	EndGlobalSection
EndGlobal
