
Microsoft Visual Studio Solution File, Format Version 12.00
# Visual Studio Version 17
VisualStudioVersion = 17.9.34607.119
MinimumVisualStudioVersion = 10.0.40219.1
Project("{FAE04EC0-301F-11D3-BF4B-00C04F79EFBC}") = "LB5 JobEstimate", "LB5 JobEstimate\LB5 JobEstimate.csproj", "{84BBA6C5-9C25-432B-A120-C478A932A791}"
EndProject
Global
	GlobalSection(SolutionConfigurationPlatforms) = preSolution
		Debug|Any CPU = Debug|Any CPU
		Release|Any CPU = Release|Any CPU
	EndGlobalSection
	GlobalSection(ProjectConfigurationPlatforms) = postSolution
		{84BBA6C5-9C25-432B-A120-C478A932A791}.Debug|Any CPU.ActiveCfg = Debug|Any CPU
		{84BBA6C5-9C25-432B-A120-C478A932A791}.Debug|Any CPU.Build.0 = Debug|Any CPU
		{84BBA6C5-9C25-432B-A120-C478A932A791}.Release|Any CPU.ActiveCfg = Release|Any CPU
		{84BBA6C5-9C25-432B-A120-C478A932A791}.Release|Any CPU.Build.0 = Release|Any CPU
	EndGlobalSection
	GlobalSection(SolutionProperties) = preSolution
		HideSolutionNode = FALSE
	EndGlobalSection
	GlobalSection(ExtensibilityGlobals) = postSolution
		SolutionGuid = {9A41532A-3D7F-49E4-82EA-7D16659C0CEA}
	EndGlobalSection
EndGlobal
