
Microsoft Visual Studio Solution File, Format Version 12.00
# Visual Studio Version 17
VisualStudioVersion = 17.9.34607.119
MinimumVisualStudioVersion = 10.0.40219.1
Project("{FAE04EC0-301F-11D3-BF4B-00C04F79EFBC}") = "LB2 BankLogin", "LB2 BankLogin\LB2 BankLogin.csproj", "{06FEF631-5BA0-4CC4-8F1E-A0AA0E387592}"
EndProject
Global
	GlobalSection(SolutionConfigurationPlatforms) = preSolution
		Debug|Any CPU = Debug|Any CPU
		Release|Any CPU = Release|Any CPU
	EndGlobalSection
	GlobalSection(ProjectConfigurationPlatforms) = postSolution
		{06FEF631-5BA0-4CC4-8F1E-A0AA0E387592}.Debug|Any CPU.ActiveCfg = Debug|Any CPU
		{06FEF631-5BA0-4CC4-8F1E-A0AA0E387592}.Debug|Any CPU.Build.0 = Debug|Any CPU
		{06FEF631-5BA0-4CC4-8F1E-A0AA0E387592}.Release|Any CPU.ActiveCfg = Release|Any CPU
		{06FEF631-5BA0-4CC4-8F1E-A0AA0E387592}.Release|Any CPU.Build.0 = Release|Any CPU
	EndGlobalSection
	GlobalSection(SolutionProperties) = preSolution
		HideSolutionNode = FALSE
	EndGlobalSection
	GlobalSection(ExtensibilityGlobals) = postSolution
		SolutionGuid = {62BE196F-0ACD-4879-B7BF-1341B3250CBA}
	EndGlobalSection
EndGlobal
