
Microsoft Visual Studio Solution File, Format Version 12.00
# Visual Studio Version 17
VisualStudioVersion = 17.9.34607.119
MinimumVisualStudioVersion = 10.0.40219.1
Project("{FAE04EC0-301F-11D3-BF4B-00C04F79EFBC}") = "Vowels", "Vowels\Vowels.csproj", "{3C7553B5-7E1A-426D-A26D-81321E1D2316}"
EndProject
Global
	GlobalSection(SolutionConfigurationPlatforms) = preSolution
		Debug|Any CPU = Debug|Any CPU
		Release|Any CPU = Release|Any CPU
	EndGlobalSection
	GlobalSection(ProjectConfigurationPlatforms) = postSolution
		{3C7553B5-7E1A-426D-A26D-81321E1D2316}.Debug|Any CPU.ActiveCfg = Debug|Any CPU
		{3C7553B5-7E1A-426D-A26D-81321E1D2316}.Debug|Any CPU.Build.0 = Debug|Any CPU
		{3C7553B5-7E1A-426D-A26D-81321E1D2316}.Release|Any CPU.ActiveCfg = Release|Any CPU
		{3C7553B5-7E1A-426D-A26D-81321E1D2316}.Release|Any CPU.Build.0 = Release|Any CPU
	EndGlobalSection
	GlobalSection(SolutionProperties) = preSolution
		HideSolutionNode = FALSE
	EndGlobalSection
	GlobalSection(ExtensibilityGlobals) = postSolution
		SolutionGuid = {35FE9954-B1E8-4FA1-B6F6-7B3330543AFC}
	EndGlobalSection
EndGlobal
