
Microsoft Visual Studio Solution File, Format Version 12.00
# Visual Studio Version 17
VisualStudioVersion = 17.9.34607.119
MinimumVisualStudioVersion = 10.0.40219.1
Project("{FAE04EC0-301F-11D3-BF4B-00C04F79EFBC}") = "LB03 StudentGrades", "LB03 StudentGrades\LB03 StudentGrades.csproj", "{10EC49E4-FEFA-4FD9-880C-4014E817E308}"
EndProject
Global
	GlobalSection(SolutionConfigurationPlatforms) = preSolution
		Debug|Any CPU = Debug|Any CPU
		Release|Any CPU = Release|Any CPU
	EndGlobalSection
	GlobalSection(ProjectConfigurationPlatforms) = postSolution
		{10EC49E4-FEFA-4FD9-880C-4014E817E308}.Debug|Any CPU.ActiveCfg = Debug|Any CPU
		{10EC49E4-FEFA-4FD9-880C-4014E817E308}.Debug|Any CPU.Build.0 = Debug|Any CPU
		{10EC49E4-FEFA-4FD9-880C-4014E817E308}.Release|Any CPU.ActiveCfg = Release|Any CPU
		{10EC49E4-FEFA-4FD9-880C-4014E817E308}.Release|Any CPU.Build.0 = Release|Any CPU
	EndGlobalSection
	GlobalSection(SolutionProperties) = preSolution
		HideSolutionNode = FALSE
	EndGlobalSection
	GlobalSection(ExtensibilityGlobals) = postSolution
		SolutionGuid = {4B01C982-6D35-4BC7-AF2B-51FBD0555B91}
	EndGlobalSection
EndGlobal
